
Microsoft Visual Studio Solution File, Format Version 12.00
# Visual Studio 2013
VisualStudioVersion = 12.0.40629.0
MinimumVisualStudioVersion = 10.0.40219.1
Project("{FAE04EC0-301F-11D3-BF4B-00C04F79EFBC}") = "Vodafone.UI", "Vodafone.UI\Vodafone.UI.csproj", "{2CD6D05F-D16B-4B40-8D81-911B6E3BE36A}"
EndProject
Project("{FAE04EC0-301F-11D3-BF4B-00C04F79EFBC}") = "Vodafone.Model", "Vodafone.Model\Vodafone.Model.csproj", "{A417D54D-448A-4F0A-BB34-5FF9D307C0AB}"
EndProject
Project("{FAE04EC0-301F-11D3-BF4B-00C04F79EFBC}") = "Vodafone.Data", "Vodafone.Data\Vodafone.Data.csproj", "{B8484F7C-BFF2-4D01-B3E3-4BCFF9CE1D0B}"
EndProject
Project("{FAE04EC0-301F-11D3-BF4B-00C04F79EFBC}") = "Vodafone.Service", "Vodafone.Service\Vodafone.Service.csproj", "{DCE9C3AC-8BC7-473E-B56D-6B2647EF74A0}"
EndProject
Global
	GlobalSection(SolutionConfigurationPlatforms) = preSolution
		Debug|Any CPU = Debug|Any CPU
		Release|Any CPU = Release|Any CPU
	EndGlobalSection
	GlobalSection(ProjectConfigurationPlatforms) = postSolution
		{2CD6D05F-D16B-4B40-8D81-911B6E3BE36A}.Debug|Any CPU.ActiveCfg = Debug|Any CPU
		{2CD6D05F-D16B-4B40-8D81-911B6E3BE36A}.Debug|Any CPU.Build.0 = Debug|Any CPU
		{2CD6D05F-D16B-4B40-8D81-911B6E3BE36A}.Release|Any CPU.ActiveCfg = Release|Any CPU
		{2CD6D05F-D16B-4B40-8D81-911B6E3BE36A}.Release|Any CPU.Build.0 = Release|Any CPU
		{A417D54D-448A-4F0A-BB34-5FF9D307C0AB}.Debug|Any CPU.ActiveCfg = Debug|Any CPU
		{A417D54D-448A-4F0A-BB34-5FF9D307C0AB}.Debug|Any CPU.Build.0 = Debug|Any CPU
		{A417D54D-448A-4F0A-BB34-5FF9D307C0AB}.Release|Any CPU.ActiveCfg = Release|Any CPU
		{A417D54D-448A-4F0A-BB34-5FF9D307C0AB}.Release|Any CPU.Build.0 = Release|Any CPU
		{B8484F7C-BFF2-4D01-B3E3-4BCFF9CE1D0B}.Debug|Any CPU.ActiveCfg = Debug|Any CPU
		{B8484F7C-BFF2-4D01-B3E3-4BCFF9CE1D0B}.Debug|Any CPU.Build.0 = Debug|Any CPU
		{B8484F7C-BFF2-4D01-B3E3-4BCFF9CE1D0B}.Release|Any CPU.ActiveCfg = Release|Any CPU
		{B8484F7C-BFF2-4D01-B3E3-4BCFF9CE1D0B}.Release|Any CPU.Build.0 = Release|Any CPU
		{DCE9C3AC-8BC7-473E-B56D-6B2647EF74A0}.Debug|Any CPU.ActiveCfg = Debug|Any CPU
		{DCE9C3AC-8BC7-473E-B56D-6B2647EF74A0}.Debug|Any CPU.Build.0 = Debug|Any CPU
		{DCE9C3AC-8BC7-473E-B56D-6B2647EF74A0}.Release|Any CPU.ActiveCfg = Release|Any CPU
		{DCE9C3AC-8BC7-473E-B56D-6B2647EF74A0}.Release|Any CPU.Build.0 = Release|Any CPU
	EndGlobalSection
	GlobalSection(SolutionProperties) = preSolution
		HideSolutionNode = FALSE
	EndGlobalSection
EndGlobal
